
Microsoft Visual Studio Solution File, Format Version 12.00
# Visual Studio 15
VisualStudioVersion = 15.0.28010.2036
MinimumVisualStudioVersion = 10.0.40219.1
Project("{FAE04EC0-301F-11D3-BF4B-00C04F79EFBC}") = "SportsStore", "SportsStore\SportsStore.csproj", "{5D484BFA-3FAB-4551-8E73-EB2A8F2550B8}"
EndProject
Project("{FAE04EC0-301F-11D3-BF4B-00C04F79EFBC}") = "SportsStore.Tests", "SportsStore.Tests\SportsStore.Tests.csproj", "{09FEBE47-3F5C-4CD7-BB88-3C6FE160083A}"
EndProject
Global
	GlobalSection(SolutionConfigurationPlatforms) = preSolution
		Debug|Any CPU = Debug|Any CPU
		Release|Any CPU = Release|Any CPU
	EndGlobalSection
	GlobalSection(ProjectConfigurationPlatforms) = postSolution
		{5D484BFA-3FAB-4551-8E73-EB2A8F2550B8}.Debug|Any CPU.ActiveCfg = Debug|Any CPU
		{5D484BFA-3FAB-4551-8E73-EB2A8F2550B8}.Debug|Any CPU.Build.0 = Debug|Any CPU
		{5D484BFA-3FAB-4551-8E73-EB2A8F2550B8}.Release|Any CPU.ActiveCfg = Release|Any CPU
		{5D484BFA-3FAB-4551-8E73-EB2A8F2550B8}.Release|Any CPU.Build.0 = Release|Any CPU
		{09FEBE47-3F5C-4CD7-BB88-3C6FE160083A}.Debug|Any CPU.ActiveCfg = Debug|Any CPU
		{09FEBE47-3F5C-4CD7-BB88-3C6FE160083A}.Debug|Any CPU.Build.0 = Debug|Any CPU
		{09FEBE47-3F5C-4CD7-BB88-3C6FE160083A}.Release|Any CPU.ActiveCfg = Release|Any CPU
		{09FEBE47-3F5C-4CD7-BB88-3C6FE160083A}.Release|Any CPU.Build.0 = Release|Any CPU
	EndGlobalSection
	GlobalSection(SolutionProperties) = preSolution
		HideSolutionNode = FALSE
	EndGlobalSection
	GlobalSection(ExtensibilityGlobals) = postSolution
		SolutionGuid = {2E4346C9-997F-4DFF-943C-BDB011FCE90E}
	EndGlobalSection
EndGlobal
